
Microsoft Visual Studio Solution File, Format Version 12.00
# Visual Studio Version 16
VisualStudioVersion = 16.0.31515.178
MinimumVisualStudioVersion = 10.0.40219.1
Project("{FAE04EC0-301F-11D3-BF4B-00C04F79EFBC}") = "MonkeyFinder.API", "MonkeyFinder.API\MonkeyFinder.API.csproj", "{C055FD12-36D7-4D4F-95DA-34AB7B923366}"
EndProject
Project("{2150E333-8FDC-42A3-9474-1A3956D46DE8}") = "Presentation", "Presentation", "{9F54A2FA-205D-4BF2-B067-47A3293684C2}"
EndProject
Project("{2150E333-8FDC-42A3-9474-1A3956D46DE8}") = "Application ( Services )", "Application ( Services )", "{0C062224-5EDC-4B0E-9B25-9F4331DB52B1}"
EndProject
Project("{2150E333-8FDC-42A3-9474-1A3956D46DE8}") = "Infrastructure", "Infrastructure", "{B6DC0EB3-12AA-4873-98FF-E7B1FC580C80}"
EndProject
Project("{2150E333-8FDC-42A3-9474-1A3956D46DE8}") = "Core", "Core", "{B5AEC625-575D-4FF6-A272-6B4A0F4F6B47}"
EndProject
Project("{2150E333-8FDC-42A3-9474-1A3956D46DE8}") = "Integration Tests", "Integration Tests", "{EC0FA271-A948-4D8A-B82F-80D0CB06F4D1}"
EndProject
Project("{2150E333-8FDC-42A3-9474-1A3956D46DE8}") = "Unit Tests", "Unit Tests", "{706D3599-8F07-456C-AE51-5CA646F47EFE}"
EndProject
Project("{FAE04EC0-301F-11D3-BF4B-00C04F79EFBC}") = "MonkeyFinder.Core", "MonkeyFinder.Core\MonkeyFinder.Core.csproj", "{7625E31A-FE70-4C8E-87C6-992B6962FACD}"
EndProject
Global
	GlobalSection(SolutionConfigurationPlatforms) = preSolution
		Debug|Any CPU = Debug|Any CPU
		Release|Any CPU = Release|Any CPU
	EndGlobalSection
	GlobalSection(ProjectConfigurationPlatforms) = postSolution
		{C055FD12-36D7-4D4F-95DA-34AB7B923366}.Debug|Any CPU.ActiveCfg = Debug|Any CPU
		{C055FD12-36D7-4D4F-95DA-34AB7B923366}.Debug|Any CPU.Build.0 = Debug|Any CPU
		{C055FD12-36D7-4D4F-95DA-34AB7B923366}.Release|Any CPU.ActiveCfg = Release|Any CPU
		{C055FD12-36D7-4D4F-95DA-34AB7B923366}.Release|Any CPU.Build.0 = Release|Any CPU
		{7625E31A-FE70-4C8E-87C6-992B6962FACD}.Debug|Any CPU.ActiveCfg = Debug|Any CPU
		{7625E31A-FE70-4C8E-87C6-992B6962FACD}.Debug|Any CPU.Build.0 = Debug|Any CPU
		{7625E31A-FE70-4C8E-87C6-992B6962FACD}.Release|Any CPU.ActiveCfg = Release|Any CPU
		{7625E31A-FE70-4C8E-87C6-992B6962FACD}.Release|Any CPU.Build.0 = Release|Any CPU
	EndGlobalSection
	GlobalSection(SolutionProperties) = preSolution
		HideSolutionNode = FALSE
	EndGlobalSection
	GlobalSection(NestedProjects) = preSolution
		{C055FD12-36D7-4D4F-95DA-34AB7B923366} = {9F54A2FA-205D-4BF2-B067-47A3293684C2}
		{7625E31A-FE70-4C8E-87C6-992B6962FACD} = {B5AEC625-575D-4FF6-A272-6B4A0F4F6B47}
	EndGlobalSection
	GlobalSection(ExtensibilityGlobals) = postSolution
		SolutionGuid = {5BC22990-B430-459E-B8C6-1B203D24855A}
	EndGlobalSection
EndGlobal
